
Microsoft Visual Studio Solution File, Format Version 12.00
# Visual Studio Version 17
VisualStudioVersion = 17.13.35825.156
MinimumVisualStudioVersion = 10.0.40219.1
Project("{FAE04EC0-301F-11D3-BF4B-00C04F79EFBC}") = "BCS.JobProcessing.Client", "BCS.JobProcessing.Client\BCS.JobProcessing.Client.csproj", "{0A38402F-A5ED-4AB8-828D-B1B3243F6ADD}"
EndProject
Global
	GlobalSection(SolutionConfigurationPlatforms) = preSolution
		Debug|Any CPU = Debug|Any CPU
		Release|Any CPU = Release|Any CPU
	EndGlobalSection
	GlobalSection(ProjectConfigurationPlatforms) = postSolution
		{0A38402F-A5ED-4AB8-828D-B1B3243F6ADD}.Debug|Any CPU.ActiveCfg = Debug|Any CPU
		{0A38402F-A5ED-4AB8-828D-B1B3243F6ADD}.Debug|Any CPU.Build.0 = Debug|Any CPU
		{0A38402F-A5ED-4AB8-828D-B1B3243F6ADD}.Release|Any CPU.ActiveCfg = Release|Any CPU
		{0A38402F-A5ED-4AB8-828D-B1B3243F6ADD}.Release|Any CPU.Build.0 = Release|Any CPU
	EndGlobalSection
	GlobalSection(SolutionProperties) = preSolution
		HideSolutionNode = FALSE
	EndGlobalSection
	GlobalSection(ExtensibilityGlobals) = postSolution
		SolutionGuid = {4416A5CB-63FF-4EDD-B46C-5EB7B7E1D4C5}
	EndGlobalSection
EndGlobal
